
Microsoft Visual Studio Solution File, Format Version 12.00
# Visual Studio Version 16
VisualStudioVersion = 16.0.30503.244
MinimumVisualStudioVersion = 10.0.40219.1
Project("{FAE04EC0-301F-11D3-BF4B-00C04F79EFBC}") = "Exempel 1.1 (Lorénzo)", "Exempel 1.1 (Lorénzo)\Exempel 1.1 (Lorénzo).csproj", "{5BCEF5B7-AE99-426F-9780-A85B8BAF9CE9}"
EndProject
Global
	GlobalSection(SolutionConfigurationPlatforms) = preSolution
		Debug|Any CPU = Debug|Any CPU
		Release|Any CPU = Release|Any CPU
	EndGlobalSection
	GlobalSection(ProjectConfigurationPlatforms) = postSolution
		{5BCEF5B7-AE99-426F-9780-A85B8BAF9CE9}.Debug|Any CPU.ActiveCfg = Debug|Any CPU
		{5BCEF5B7-AE99-426F-9780-A85B8BAF9CE9}.Debug|Any CPU.Build.0 = Debug|Any CPU
		{5BCEF5B7-AE99-426F-9780-A85B8BAF9CE9}.Release|Any CPU.ActiveCfg = Release|Any CPU
		{5BCEF5B7-AE99-426F-9780-A85B8BAF9CE9}.Release|Any CPU.Build.0 = Release|Any CPU
	EndGlobalSection
	GlobalSection(SolutionProperties) = preSolution
		HideSolutionNode = FALSE
	EndGlobalSection
	GlobalSection(ExtensibilityGlobals) = postSolution
		SolutionGuid = {65878EE8-FD5B-41D1-B72B-CC9B3C8EC2C4}
	EndGlobalSection
EndGlobal
